// !$*UTF8*$!
{
	archiveVersion = 1;
	classes = {
	};
	objectVersion = 77;
	objects = {

/* Begin PBXBuildFile section */
		298783382DFD5750004FB6AD /* PlanPackitListView.swift in Sources */ = {isa = PBXBuildFile; fileRef = 298783372DFD5750004FB6AD /* PlanPackitListView.swift */; };
		2987833A2DFD62E7004FB6AD /* PlanPackitList.swift in Sources */ = {isa = PBXBuildFile; fileRef = 298783392DFD62E7004FB6AD /* PlanPackitList.swift */; };
		29F9DC302DE95C0E005ECBA3 /* PackitButton.swift in Sources */ = {isa = PBXBuildFile; fileRef = 29F9DC012DE95C0E005ECBA3 /* PackitButton.swift */; };
		29F9DC312DE95C0E005ECBA3 /* PackitTextField.swift in Sources */ = {isa = PBXBuildFile; fileRef = 29F9DC022DE95C0E005ECBA3 /* PackitTextField.swift */; };
		29F9DC322DE95C0E005ECBA3 /* PackitToggleButton.swift in Sources */ = {isa = PBXBuildFile; fileRef = 29F9DC032DE95C0E005ECBA3 /* PackitToggleButton.swift */; };
		29F9DC332DE95C0E005ECBA3 /* Color+.swift in Sources */ = {isa = PBXBuildFile; fileRef = 29F9DC052DE95C0E005ECBA3 /* Color+.swift */; };
		29F9DC342DE95C0E005ECBA3 /* String+.swift in Sources */ = {isa = PBXBuildFile; fileRef = 29F9DC062DE95C0E005ECBA3 /* String+.swift */; };
		29F9DC352DE95C0E005ECBA3 /* View+.swift in Sources */ = {isa = PBXBuildFile; fileRef = 29F9DC072DE95C0E005ECBA3 /* View+.swift */; };
		29F9DC362DE95C0E005ECBA3 /* Trip.swift in Sources */ = {isa = PBXBuildFile; fileRef = 29F9DC092DE95C0E005ECBA3 /* Trip.swift */; };
		29F9DC372DE95C0E005ECBA3 /* TripItem.swift in Sources */ = {isa = PBXBuildFile; fileRef = 29F9DC0A2DE95C0E005ECBA3 /* TripItem.swift */; };
		29F9DC382DE95C0E005ECBA3 /* JSONParser.swift in Sources */ = {isa = PBXBuildFile; fileRef = 29F9DC112DE95C0E005ECBA3 /* JSONParser.swift */; };
		29F9DC392DE95C0E005ECBA3 /* SelectBoxComponent.swift in Sources */ = {isa = PBXBuildFile; fileRef = 29F9DC132DE95C0E005ECBA3 /* SelectBoxComponent.swift */; };
		29F9DC3A2DE95C0E005ECBA3 /* BoxComponent.swift in Sources */ = {isa = PBXBuildFile; fileRef = 29F9DC152DE95C0E005ECBA3 /* BoxComponent.swift */; };
		29F9DC3B2DE95C0E005ECBA3 /* CategoryButtonComponent.swift in Sources */ = {isa = PBXBuildFile; fileRef = 29F9DC162DE95C0E005ECBA3 /* CategoryButtonComponent.swift */; };
		29F9DC3C2DE95C0E005ECBA3 /* ListDetailView.swift in Sources */ = {isa = PBXBuildFile; fileRef = 29F9DC172DE95C0E005ECBA3 /* ListDetailView.swift */; };
		29F9DC3D2DE95C0E005ECBA3 /* MainButtonView.swift in Sources */ = {isa = PBXBuildFile; fileRef = 29F9DC192DE95C0E005ECBA3 /* MainButtonView.swift */; };
		29F9DC3E2DE95C0E005ECBA3 /* MainView.swift in Sources */ = {isa = PBXBuildFile; fileRef = 29F9DC1A2DE95C0E005ECBA3 /* MainView.swift */; };
		29F9DC3F2DE95C0E005ECBA3 /* PackingListCell.swift in Sources */ = {isa = PBXBuildFile; fileRef = 29F9DC1B2DE95C0E005ECBA3 /* PackingListCell.swift */; };
		29F9DC402DE95C0E005ECBA3 /* CalendarView.swift in Sources */ = {isa = PBXBuildFile; fileRef = 29F9DC1E2DE95C0E005ECBA3 /* CalendarView.swift */; };
		29F9DC412DE95C0E005ECBA3 /* FlowLayout.swift in Sources */ = {isa = PBXBuildFile; fileRef = 29F9DC1F2DE95C0E005ECBA3 /* FlowLayout.swift */; };
		29F9DC422DE95C0E005ECBA3 /* PlanPackitTitleView.swift in Sources */ = {isa = PBXBuildFile; fileRef = 29F9DC202DE95C0E005ECBA3 /* PlanPackitTitleView.swift */; };
		29F9DC432DE95C0E005ECBA3 /* PlanPackitTripPropertyView.swift in Sources */ = {isa = PBXBuildFile; fileRef = 29F9DC212DE95C0E005ECBA3 /* PlanPackitTripPropertyView.swift */; };
		29F9DC442DE95C0E005ECBA3 /* MainViewModel.swift in Sources */ = {isa = PBXBuildFile; fileRef = 29F9DC262DE95C0E005ECBA3 /* MainViewModel.swift */; };
		29F9DC452DE95C0E005ECBA3 /* PackingListCellViewModel.swift in Sources */ = {isa = PBXBuildFile; fileRef = 29F9DC272DE95C0E005ECBA3 /* PackingListCellViewModel.swift */; };
		29F9DC462DE95C0E005ECBA3 /* PackitApp.swift in Sources */ = {isa = PBXBuildFile; fileRef = 29F9DC2E2DE95C0E005ECBA3 /* PackitApp.swift */; };
		29F9DC472DE95C0E005ECBA3 /* Preview Assets.xcassets in Resources */ = {isa = PBXBuildFile; fileRef = 29F9DC0C2DE95C0E005ECBA3 /* Preview Assets.xcassets */; };
		29F9DC482DE95C0E005ECBA3 /* Trip.json in Resources */ = {isa = PBXBuildFile; fileRef = 29F9DC0E2DE95C0E005ECBA3 /* Trip.json */; };
		29F9DC492DE95C0E005ECBA3 /* TripItem.json in Resources */ = {isa = PBXBuildFile; fileRef = 29F9DC0F2DE95C0E005ECBA3 /* TripItem.json */; };
		29F9DC4A2DE95C0E005ECBA3 /* Assets.xcassets in Resources */ = {isa = PBXBuildFile; fileRef = 29F9DC2C2DE95C0E005ECBA3 /* Assets.xcassets */; };
/* End PBXBuildFile section */

/* Begin PBXFileReference section */
		298783372DFD5750004FB6AD /* PlanPackitListView.swift */ = {isa = PBXFileReference; lastKnownFileType = sourcecode.swift; path = PlanPackitListView.swift; sourceTree = "<group>"; };
		298783392DFD62E7004FB6AD /* PlanPackitList.swift */ = {isa = PBXFileReference; lastKnownFileType = sourcecode.swift; path = PlanPackitList.swift; sourceTree = "<group>"; };
		29A1C5BB2DD83AE600467A03 /* Packit.app */ = {isa = PBXFileReference; explicitFileType = wrapper.application; includeInIndex = 0; path = Packit.app; sourceTree = BUILT_PRODUCTS_DIR; };
		29F9DC012DE95C0E005ECBA3 /* PackitButton.swift */ = {isa = PBXFileReference; lastKnownFileType = sourcecode.swift; path = PackitButton.swift; sourceTree = "<group>"; };
		29F9DC022DE95C0E005ECBA3 /* PackitTextField.swift */ = {isa = PBXFileReference; lastKnownFileType = sourcecode.swift; path = PackitTextField.swift; sourceTree = "<group>"; };
		29F9DC032DE95C0E005ECBA3 /* PackitToggleButton.swift */ = {isa = PBXFileReference; lastKnownFileType = sourcecode.swift; path = PackitToggleButton.swift; sourceTree = "<group>"; };
		29F9DC052DE95C0E005ECBA3 /* Color+.swift */ = {isa = PBXFileReference; lastKnownFileType = sourcecode.swift; path = "Color+.swift"; sourceTree = "<group>"; };
		29F9DC062DE95C0E005ECBA3 /* String+.swift */ = {isa = PBXFileReference; lastKnownFileType = sourcecode.swift; path = "String+.swift"; sourceTree = "<group>"; };
		29F9DC072DE95C0E005ECBA3 /* View+.swift */ = {isa = PBXFileReference; lastKnownFileType = sourcecode.swift; path = "View+.swift"; sourceTree = "<group>"; };
		29F9DC092DE95C0E005ECBA3 /* Trip.swift */ = {isa = PBXFileReference; lastKnownFileType = sourcecode.swift; path = Trip.swift; sourceTree = "<group>"; };
		29F9DC0A2DE95C0E005ECBA3 /* TripItem.swift */ = {isa = PBXFileReference; lastKnownFileType = sourcecode.swift; path = TripItem.swift; sourceTree = "<group>"; };
		29F9DC0C2DE95C0E005ECBA3 /* Preview Assets.xcassets */ = {isa = PBXFileReference; lastKnownFileType = folder.assetcatalog; path = "Preview Assets.xcassets"; sourceTree = "<group>"; };
		29F9DC0E2DE95C0E005ECBA3 /* Trip.json */ = {isa = PBXFileReference; lastKnownFileType = text.json; path = Trip.json; sourceTree = "<group>"; };
		29F9DC0F2DE95C0E005ECBA3 /* TripItem.json */ = {isa = PBXFileReference; lastKnownFileType = text.json; path = TripItem.json; sourceTree = "<group>"; };
		29F9DC112DE95C0E005ECBA3 /* JSONParser.swift */ = {isa = PBXFileReference; lastKnownFileType = sourcecode.swift; path = JSONParser.swift; sourceTree = "<group>"; };
		29F9DC132DE95C0E005ECBA3 /* SelectBoxComponent.swift */ = {isa = PBXFileReference; lastKnownFileType = sourcecode.swift; path = SelectBoxComponent.swift; sourceTree = "<group>"; };
		29F9DC152DE95C0E005ECBA3 /* BoxComponent.swift */ = {isa = PBXFileReference; lastKnownFileType = sourcecode.swift; path = BoxComponent.swift; sourceTree = "<group>"; };
		29F9DC162DE95C0E005ECBA3 /* CategoryButtonComponent.swift */ = {isa = PBXFileReference; lastKnownFileType = sourcecode.swift; path = CategoryButtonComponent.swift; sourceTree = "<group>"; };
		29F9DC172DE95C0E005ECBA3 /* ListDetailView.swift */ = {isa = PBXFileReference; lastKnownFileType = sourcecode.swift; path = ListDetailView.swift; sourceTree = "<group>"; };
		29F9DC192DE95C0E005ECBA3 /* MainButtonView.swift */ = {isa = PBXFileReference; lastKnownFileType = sourcecode.swift; path = MainButtonView.swift; sourceTree = "<group>"; };
		29F9DC1A2DE95C0E005ECBA3 /* MainView.swift */ = {isa = PBXFileReference; lastKnownFileType = sourcecode.swift; path = MainView.swift; sourceTree = "<group>"; };
		29F9DC1B2DE95C0E005ECBA3 /* PackingListCell.swift */ = {isa = PBXFileReference; lastKnownFileType = sourcecode.swift; path = PackingListCell.swift; sourceTree = "<group>"; };
		29F9DC1E2DE95C0E005ECBA3 /* CalendarView.swift */ = {isa = PBXFileReference; lastKnownFileType = sourcecode.swift; path = CalendarView.swift; sourceTree = "<group>"; };
		29F9DC1F2DE95C0E005ECBA3 /* FlowLayout.swift */ = {isa = PBXFileReference; lastKnownFileType = sourcecode.swift; path = FlowLayout.swift; sourceTree = "<group>"; };
		29F9DC202DE95C0E005ECBA3 /* PlanPackitTitleView.swift */ = {isa = PBXFileReference; lastKnownFileType = sourcecode.swift; path = PlanPackitTitleView.swift; sourceTree = "<group>"; };
		29F9DC212DE95C0E005ECBA3 /* PlanPackitTripPropertyView.swift */ = {isa = PBXFileReference; lastKnownFileType = sourcecode.swift; path = PlanPackitTripPropertyView.swift; sourceTree = "<group>"; };
		29F9DC262DE95C0E005ECBA3 /* MainViewModel.swift */ = {isa = PBXFileReference; lastKnownFileType = sourcecode.swift; path = MainViewModel.swift; sourceTree = "<group>"; };
		29F9DC272DE95C0E005ECBA3 /* PackingListCellViewModel.swift */ = {isa = PBXFileReference; lastKnownFileType = sourcecode.swift; path = PackingListCellViewModel.swift; sourceTree = "<group>"; };
		29F9DC2C2DE95C0E005ECBA3 /* Assets.xcassets */ = {isa = PBXFileReference; lastKnownFileType = folder.assetcatalog; path = Assets.xcassets; sourceTree = "<group>"; };
		29F9DC2D2DE95C0E005ECBA3 /* Packit.entitlements */ = {isa = PBXFileReference; lastKnownFileType = text.plist.entitlements; path = Packit.entitlements; sourceTree = "<group>"; };
		29F9DC2E2DE95C0E005ECBA3 /* PackitApp.swift */ = {isa = PBXFileReference; lastKnownFileType = sourcecode.swift; path = PackitApp.swift; sourceTree = "<group>"; };
/* End PBXFileReference section */

/* Begin PBXFrameworksBuildPhase section */
		29A1C5B82DD83AE600467A03 /* Frameworks */ = {
			isa = PBXFrameworksBuildPhase;
			buildActionMask = 2147483647;
			files = (
			);
			runOnlyForDeploymentPostprocessing = 0;
		};
/* End PBXFrameworksBuildPhase section */

/* Begin PBXGroup section */
		298783342DFD56F1004FB6AD /* View */ = {
			isa = PBXGroup;
			children = (
				29F9DC212DE95C0E005ECBA3 /* PlanPackitTripPropertyView.swift */,
				29F9DC202DE95C0E005ECBA3 /* PlanPackitTitleView.swift */,
				298783372DFD5750004FB6AD /* PlanPackitListView.swift */,
			);
			path = View;
			sourceTree = "<group>";
		};
		298783352DFD56F7004FB6AD /* Components */ = {
			isa = PBXGroup;
			children = (
				29F9DC1E2DE95C0E005ECBA3 /* CalendarView.swift */,
				29F9DC1F2DE95C0E005ECBA3 /* FlowLayout.swift */,
			);
			path = Components;
			sourceTree = "<group>";
		};
		29A1C5B22DD83AE500467A03 = {
			isa = PBXGroup;
			children = (
				29F9DC2F2DE95C0E005ECBA3 /* Packit */,
				29A1C5BC2DD83AE600467A03 /* Products */,
			);
			sourceTree = "<group>";
		};
		29A1C5BC2DD83AE600467A03 /* Products */ = {
			isa = PBXGroup;
			children = (
				29A1C5BB2DD83AE600467A03 /* Packit.app */,
			);
			name = Products;
			sourceTree = "<group>";
		};
		29F9DC042DE95C0E005ECBA3 /* Component */ = {
			isa = PBXGroup;
			children = (
				29F9DC012DE95C0E005ECBA3 /* PackitButton.swift */,
				29F9DC022DE95C0E005ECBA3 /* PackitTextField.swift */,
				29F9DC032DE95C0E005ECBA3 /* PackitToggleButton.swift */,
			);
			path = Component;
			sourceTree = "<group>";
		};
		29F9DC082DE95C0E005ECBA3 /* Extension */ = {
			isa = PBXGroup;
			children = (
				29F9DC052DE95C0E005ECBA3 /* Color+.swift */,
				29F9DC062DE95C0E005ECBA3 /* String+.swift */,
				29F9DC072DE95C0E005ECBA3 /* View+.swift */,
			);
			path = Extension;
			sourceTree = "<group>";
		};
		29F9DC0B2DE95C0E005ECBA3 /* Model */ = {
			isa = PBXGroup;
			children = (
				29F9DC092DE95C0E005ECBA3 /* Trip.swift */,
				29F9DC0A2DE95C0E005ECBA3 /* TripItem.swift */,
			);
			path = Model;
			sourceTree = "<group>";
		};
		29F9DC0D2DE95C0E005ECBA3 /* Preview Content */ = {
			isa = PBXGroup;
			children = (
				29F9DC0C2DE95C0E005ECBA3 /* Preview Assets.xcassets */,
			);
			path = "Preview Content";
			sourceTree = "<group>";
		};
		29F9DC102DE95C0E005ECBA3 /* Mock */ = {
			isa = PBXGroup;
			children = (
				29F9DC0E2DE95C0E005ECBA3 /* Trip.json */,
				29F9DC0F2DE95C0E005ECBA3 /* TripItem.json */,
			);
			path = Mock;
			sourceTree = "<group>";
		};
		29F9DC122DE95C0E005ECBA3 /* Resource */ = {
			isa = PBXGroup;
			children = (
				29F9DC102DE95C0E005ECBA3 /* Mock */,
				29F9DC112DE95C0E005ECBA3 /* JSONParser.swift */,
			);
			path = Resource;
			sourceTree = "<group>";
		};
		29F9DC142DE95C0E005ECBA3 /* CheckPackit */ = {
			isa = PBXGroup;
			children = (
				29F9DC132DE95C0E005ECBA3 /* SelectBoxComponent.swift */,
			);
			path = CheckPackit;
			sourceTree = "<group>";
		};
		29F9DC182DE95C0E005ECBA3 /* ListPackit */ = {
			isa = PBXGroup;
			children = (
				29F9DC152DE95C0E005ECBA3 /* BoxComponent.swift */,
				29F9DC162DE95C0E005ECBA3 /* CategoryButtonComponent.swift */,
				29F9DC172DE95C0E005ECBA3 /* ListDetailView.swift */,
			);
			path = ListPackit;
			sourceTree = "<group>";
		};
		29F9DC1C2DE95C0E005ECBA3 /* Main */ = {
			isa = PBXGroup;
			children = (
				29F9DC192DE95C0E005ECBA3 /* MainButtonView.swift */,
				29F9DC1A2DE95C0E005ECBA3 /* MainView.swift */,
				29F9DC1B2DE95C0E005ECBA3 /* PackingListCell.swift */,
			);
			path = Main;
			sourceTree = "<group>";
		};
		29F9DC1D2DE95C0E005ECBA3 /* MyPage */ = {
			isa = PBXGroup;
			children = (
			);
			path = MyPage;
			sourceTree = "<group>";
		};
		29F9DC222DE95C0E005ECBA3 /* PlanPackit */ = {
			isa = PBXGroup;
			children = (
				298783352DFD56F7004FB6AD /* Components */,
				298783342DFD56F1004FB6AD /* View */,
			);
			path = PlanPackit;
			sourceTree = "<group>";
		};
		29F9DC232DE95C0E005ECBA3 /* View */ = {
			isa = PBXGroup;
			children = (
				29F9DC142DE95C0E005ECBA3 /* CheckPackit */,
				29F9DC182DE95C0E005ECBA3 /* ListPackit */,
				29F9DC1C2DE95C0E005ECBA3 /* Main */,
				29F9DC1D2DE95C0E005ECBA3 /* MyPage */,
				29F9DC222DE95C0E005ECBA3 /* PlanPackit */,
			);
			path = View;
			sourceTree = "<group>";
		};
		29F9DC242DE95C0E005ECBA3 /* CheckPackit */ = {
			isa = PBXGroup;
			children = (
			);
			path = CheckPackit;
			sourceTree = "<group>";
		};
		29F9DC252DE95C0E005ECBA3 /* ListPackit */ = {
			isa = PBXGroup;
			children = (
			);
			path = ListPackit;
			sourceTree = "<group>";
		};
		29F9DC282DE95C0E005ECBA3 /* Main */ = {
			isa = PBXGroup;
			children = (
				29F9DC262DE95C0E005ECBA3 /* MainViewModel.swift */,
				29F9DC272DE95C0E005ECBA3 /* PackingListCellViewModel.swift */,
			);
			path = Main;
			sourceTree = "<group>";
		};
		29F9DC292DE95C0E005ECBA3 /* MyPage */ = {
			isa = PBXGroup;
			children = (
			);
			path = MyPage;
			sourceTree = "<group>";
		};
		29F9DC2A2DE95C0E005ECBA3 /* PlanPackit */ = {
			isa = PBXGroup;
			children = (
				298783392DFD62E7004FB6AD /* PlanPackitList.swift */,
			);
			path = PlanPackit;
			sourceTree = "<group>";
		};
		29F9DC2B2DE95C0E005ECBA3 /* ViewModel */ = {
			isa = PBXGroup;
			children = (
				29F9DC242DE95C0E005ECBA3 /* CheckPackit */,
				29F9DC252DE95C0E005ECBA3 /* ListPackit */,
				29F9DC282DE95C0E005ECBA3 /* Main */,
				29F9DC292DE95C0E005ECBA3 /* MyPage */,
				29F9DC2A2DE95C0E005ECBA3 /* PlanPackit */,
			);
			path = ViewModel;
			sourceTree = "<group>";
		};
		29F9DC2F2DE95C0E005ECBA3 /* Packit */ = {
			isa = PBXGroup;
			children = (
				29F9DC042DE95C0E005ECBA3 /* Component */,
				29F9DC082DE95C0E005ECBA3 /* Extension */,
				29F9DC0B2DE95C0E005ECBA3 /* Model */,
				29F9DC0D2DE95C0E005ECBA3 /* Preview Content */,
				29F9DC122DE95C0E005ECBA3 /* Resource */,
				29F9DC232DE95C0E005ECBA3 /* View */,
				29F9DC2B2DE95C0E005ECBA3 /* ViewModel */,
				29F9DC2C2DE95C0E005ECBA3 /* Assets.xcassets */,
				29F9DC2D2DE95C0E005ECBA3 /* Packit.entitlements */,
				29F9DC2E2DE95C0E005ECBA3 /* PackitApp.swift */,
			);
			path = Packit;
			sourceTree = "<group>";
		};
/* End PBXGroup section */

/* Begin PBXNativeTarget section */
		29A1C5BA2DD83AE600467A03 /* Packit */ = {
			isa = PBXNativeTarget;
			buildConfigurationList = 29A1C5CA2DD83AE700467A03 /* Build configuration list for PBXNativeTarget "Packit" */;
			buildPhases = (
				29A1C5B72DD83AE600467A03 /* Sources */,
				29A1C5B82DD83AE600467A03 /* Frameworks */,
				29A1C5B92DD83AE600467A03 /* Resources */,
			);
			buildRules = (
			);
			dependencies = (
			);
			name = Packit;
			packageProductDependencies = (
			);
			productName = Packit;
			productReference = 29A1C5BB2DD83AE600467A03 /* Packit.app */;
			productType = "com.apple.product-type.application";
		};
/* End PBXNativeTarget section */

/* Begin PBXProject section */
		29A1C5B32DD83AE500467A03 /* Project object */ = {
			isa = PBXProject;
			attributes = {
				BuildIndependentTargetsInParallel = 1;
				LastSwiftUpdateCheck = 1620;
				LastUpgradeCheck = 1630;
				TargetAttributes = {
					29A1C5BA2DD83AE600467A03 = {
						CreatedOnToolsVersion = 16.2;
					};
				};
			};
			buildConfigurationList = 29A1C5B62DD83AE600467A03 /* Build configuration list for PBXProject "Packit" */;
			developmentRegion = en;
			hasScannedForEncodings = 0;
			knownRegions = (
				en,
				Base,
			);
			mainGroup = 29A1C5B22DD83AE500467A03;
			minimizedProjectReferenceProxies = 1;
			preferredProjectObjectVersion = 77;
			productRefGroup = 29A1C5BC2DD83AE600467A03 /* Products */;
			projectDirPath = "";
			projectRoot = "";
			targets = (
				29A1C5BA2DD83AE600467A03 /* Packit */,
			);
		};
/* End PBXProject section */

/* Begin PBXResourcesBuildPhase section */
		29A1C5B92DD83AE600467A03 /* Resources */ = {
			isa = PBXResourcesBuildPhase;
			buildActionMask = 2147483647;
			files = (
				29F9DC472DE95C0E005ECBA3 /* Preview Assets.xcassets in Resources */,
				29F9DC482DE95C0E005ECBA3 /* Trip.json in Resources */,
				29F9DC492DE95C0E005ECBA3 /* TripItem.json in Resources */,
				29F9DC4A2DE95C0E005ECBA3 /* Assets.xcassets in Resources */,
			);
			runOnlyForDeploymentPostprocessing = 0;
		};
/* End PBXResourcesBuildPhase section */

/* Begin PBXSourcesBuildPhase section */
		29A1C5B72DD83AE600467A03 /* Sources */ = {
			isa = PBXSourcesBuildPhase;
			buildActionMask = 2147483647;
			files = (
				29F9DC302DE95C0E005ECBA3 /* PackitButton.swift in Sources */,
				29F9DC312DE95C0E005ECBA3 /* PackitTextField.swift in Sources */,
				29F9DC322DE95C0E005ECBA3 /* PackitToggleButton.swift in Sources */,
				29F9DC332DE95C0E005ECBA3 /* Color+.swift in Sources */,
				29F9DC342DE95C0E005ECBA3 /* String+.swift in Sources */,
				29F9DC352DE95C0E005ECBA3 /* View+.swift in Sources */,
				29F9DC362DE95C0E005ECBA3 /* Trip.swift in Sources */,
				29F9DC372DE95C0E005ECBA3 /* TripItem.swift in Sources */,
				29F9DC382DE95C0E005ECBA3 /* JSONParser.swift in Sources */,
				29F9DC392DE95C0E005ECBA3 /* SelectBoxComponent.swift in Sources */,
				29F9DC3A2DE95C0E005ECBA3 /* BoxComponent.swift in Sources */,
				29F9DC3B2DE95C0E005ECBA3 /* CategoryButtonComponent.swift in Sources */,
				29F9DC3C2DE95C0E005ECBA3 /* ListDetailView.swift in Sources */,
				29F9DC3D2DE95C0E005ECBA3 /* MainButtonView.swift in Sources */,
				29F9DC3E2DE95C0E005ECBA3 /* MainView.swift in Sources */,
				29F9DC3F2DE95C0E005ECBA3 /* PackingListCell.swift in Sources */,
				29F9DC402DE95C0E005ECBA3 /* CalendarView.swift in Sources */,
				2987833A2DFD62E7004FB6AD /* PlanPackitList.swift in Sources */,
				298783382DFD5750004FB6AD /* PlanPackitListView.swift in Sources */,
				29F9DC412DE95C0E005ECBA3 /* FlowLayout.swift in Sources */,
				29F9DC422DE95C0E005ECBA3 /* PlanPackitTitleView.swift in Sources */,
				29F9DC432DE95C0E005ECBA3 /* PlanPackitTripPropertyView.swift in Sources */,
				29F9DC442DE95C0E005ECBA3 /* MainViewModel.swift in Sources */,
				29F9DC452DE95C0E005ECBA3 /* PackingListCellViewModel.swift in Sources */,
				29F9DC462DE95C0E005ECBA3 /* PackitApp.swift in Sources */,
			);
			runOnlyForDeploymentPostprocessing = 0;
		};
/* End PBXSourcesBuildPhase section */

/* Begin XCBuildConfiguration section */
		29A1C5C82DD83AE700467A03 /* Debug */ = {
			isa = XCBuildConfiguration;
			buildSettings = {
				ALWAYS_SEARCH_USER_PATHS = NO;
				ASSETCATALOG_COMPILER_GENERATE_SWIFT_ASSET_SYMBOL_EXTENSIONS = YES;
				CLANG_ANALYZER_NONNULL = YES;
				CLANG_ANALYZER_NUMBER_OBJECT_CONVERSION = YES_AGGRESSIVE;
				CLANG_CXX_LANGUAGE_STANDARD = "gnu++20";
				CLANG_ENABLE_MODULES = YES;
				CLANG_ENABLE_OBJC_ARC = YES;
				CLANG_ENABLE_OBJC_WEAK = YES;
				CLANG_WARN_BLOCK_CAPTURE_AUTORELEASING = YES;
				CLANG_WARN_BOOL_CONVERSION = YES;
				CLANG_WARN_COMMA = YES;
				CLANG_WARN_CONSTANT_CONVERSION = YES;
				CLANG_WARN_DEPRECATED_OBJC_IMPLEMENTATIONS = YES;
				CLANG_WARN_DIRECT_OBJC_ISA_USAGE = YES_ERROR;
				CLANG_WARN_DOCUMENTATION_COMMENTS = YES;
				CLANG_WARN_EMPTY_BODY = YES;
				CLANG_WARN_ENUM_CONVERSION = YES;
				CLANG_WARN_INFINITE_RECURSION = YES;
				CLANG_WARN_INT_CONVERSION = YES;
				CLANG_WARN_NON_LITERAL_NULL_CONVERSION = YES;
				CLANG_WARN_OBJC_IMPLICIT_RETAIN_SELF = YES;
				CLANG_WARN_OBJC_LITERAL_CONVERSION = YES;
				CLANG_WARN_OBJC_ROOT_CLASS = YES_ERROR;
				CLANG_WARN_QUOTED_INCLUDE_IN_FRAMEWORK_HEADER = YES;
				CLANG_WARN_RANGE_LOOP_ANALYSIS = YES;
				CLANG_WARN_STRICT_PROTOTYPES = YES;
				CLANG_WARN_SUSPICIOUS_MOVE = YES;
				CLANG_WARN_UNGUARDED_AVAILABILITY = YES_AGGRESSIVE;
				CLANG_WARN_UNREACHABLE_CODE = YES;
				CLANG_WARN__DUPLICATE_METHOD_MATCH = YES;
				COPY_PHASE_STRIP = NO;
				DEBUG_INFORMATION_FORMAT = dwarf;
				ENABLE_STRICT_OBJC_MSGSEND = YES;
				ENABLE_TESTABILITY = YES;
				ENABLE_USER_SCRIPT_SANDBOXING = YES;
				GCC_C_LANGUAGE_STANDARD = gnu17;
				GCC_DYNAMIC_NO_PIC = NO;
				GCC_NO_COMMON_BLOCKS = YES;
				GCC_OPTIMIZATION_LEVEL = 0;
				GCC_PREPROCESSOR_DEFINITIONS = (
					"DEBUG=1",
					"$(inherited)",
				);
				GCC_WARN_64_TO_32_BIT_CONVERSION = YES;
				GCC_WARN_ABOUT_RETURN_TYPE = YES_ERROR;
				GCC_WARN_UNDECLARED_SELECTOR = YES;
				GCC_WARN_UNINITIALIZED_AUTOS = YES_AGGRESSIVE;
				GCC_WARN_UNUSED_FUNCTION = YES;
				GCC_WARN_UNUSED_VARIABLE = YES;
				LOCALIZATION_PREFERS_STRING_CATALOGS = YES;
				MTL_ENABLE_DEBUG_INFO = INCLUDE_SOURCE;
				MTL_FAST_MATH = YES;
				ONLY_ACTIVE_ARCH = YES;
				SWIFT_ACTIVE_COMPILATION_CONDITIONS = "DEBUG $(inherited)";
				SWIFT_OPTIMIZATION_LEVEL = "-Onone";
			};
			name = Debug;
		};
		29A1C5C92DD83AE700467A03 /* Release */ = {
			isa = XCBuildConfiguration;
			buildSettings = {
				ALWAYS_SEARCH_USER_PATHS = NO;
				ASSETCATALOG_COMPILER_GENERATE_SWIFT_ASSET_SYMBOL_EXTENSIONS = YES;
				CLANG_ANALYZER_NONNULL = YES;
				CLANG_ANALYZER_NUMBER_OBJECT_CONVERSION = YES_AGGRESSIVE;
				CLANG_CXX_LANGUAGE_STANDARD = "gnu++20";
				CLANG_ENABLE_MODULES = YES;
				CLANG_ENABLE_OBJC_ARC = YES;
				CLANG_ENABLE_OBJC_WEAK = YES;
				CLANG_WARN_BLOCK_CAPTURE_AUTORELEASING = YES;
				CLANG_WARN_BOOL_CONVERSION = YES;
				CLANG_WARN_COMMA = YES;
				CLANG_WARN_CONSTANT_CONVERSION = YES;
				CLANG_WARN_DEPRECATED_OBJC_IMPLEMENTATIONS = YES;
				CLANG_WARN_DIRECT_OBJC_ISA_USAGE = YES_ERROR;
				CLANG_WARN_DOCUMENTATION_COMMENTS = YES;
				CLANG_WARN_EMPTY_BODY = YES;
				CLANG_WARN_ENUM_CONVERSION = YES;
				CLANG_WARN_INFINITE_RECURSION = YES;
				CLANG_WARN_INT_CONVERSION = YES;
				CLANG_WARN_NON_LITERAL_NULL_CONVERSION = YES;
				CLANG_WARN_OBJC_IMPLICIT_RETAIN_SELF = YES;
				CLANG_WARN_OBJC_LITERAL_CONVERSION = YES;
				CLANG_WARN_OBJC_ROOT_CLASS = YES_ERROR;
				CLANG_WARN_QUOTED_INCLUDE_IN_FRAMEWORK_HEADER = YES;
				CLANG_WARN_RANGE_LOOP_ANALYSIS = YES;
				CLANG_WARN_STRICT_PROTOTYPES = YES;
				CLANG_WARN_SUSPICIOUS_MOVE = YES;
				CLANG_WARN_UNGUARDED_AVAILABILITY = YES_AGGRESSIVE;
				CLANG_WARN_UNREACHABLE_CODE = YES;
				CLANG_WARN__DUPLICATE_METHOD_MATCH = YES;
				COPY_PHASE_STRIP = NO;
				DEBUG_INFORMATION_FORMAT = "dwarf-with-dsym";
				ENABLE_NS_ASSERTIONS = NO;
				ENABLE_STRICT_OBJC_MSGSEND = YES;
				ENABLE_USER_SCRIPT_SANDBOXING = YES;
				GCC_C_LANGUAGE_STANDARD = gnu17;
				GCC_NO_COMMON_BLOCKS = YES;
				GCC_WARN_64_TO_32_BIT_CONVERSION = YES;
				GCC_WARN_ABOUT_RETURN_TYPE = YES_ERROR;
				GCC_WARN_UNDECLARED_SELECTOR = YES;
				GCC_WARN_UNINITIALIZED_AUTOS = YES_AGGRESSIVE;
				GCC_WARN_UNUSED_FUNCTION = YES;
				GCC_WARN_UNUSED_VARIABLE = YES;
				LOCALIZATION_PREFERS_STRING_CATALOGS = YES;
				MTL_ENABLE_DEBUG_INFO = NO;
				MTL_FAST_MATH = YES;
				SWIFT_COMPILATION_MODE = wholemodule;
			};
			name = Release;
		};
		29A1C5CB2DD83AE700467A03 /* Debug */ = {
			isa = XCBuildConfiguration;
			buildSettings = {
				ASSETCATALOG_COMPILER_APPICON_NAME = AppIcon;
				ASSETCATALOG_COMPILER_GLOBAL_ACCENT_COLOR_NAME = AccentColor;
				CODE_SIGN_ENTITLEMENTS = Packit/Packit.entitlements;
				CODE_SIGN_STYLE = Automatic;
				CURRENT_PROJECT_VERSION = 1;
				DEVELOPMENT_ASSET_PATHS = "\"Packit/Preview Content\"";
				DEVELOPMENT_TEAM = F7GYZYWC6V;
				ENABLE_HARDENED_RUNTIME = YES;
				ENABLE_PREVIEWS = YES;
				GENERATE_INFOPLIST_FILE = YES;
				INFOPLIST_FILE = Packit/Info.plist;
				"INFOPLIST_KEY_UIApplicationSceneManifest_Generation[sdk=iphoneos*]" = YES;
				"INFOPLIST_KEY_UIApplicationSceneManifest_Generation[sdk=iphonesimulator*]" = YES;
				"INFOPLIST_KEY_UIApplicationSupportsIndirectInputEvents[sdk=iphoneos*]" = YES;
				"INFOPLIST_KEY_UIApplicationSupportsIndirectInputEvents[sdk=iphonesimulator*]" = YES;
				"INFOPLIST_KEY_UILaunchScreen_Generation[sdk=iphoneos*]" = YES;
				"INFOPLIST_KEY_UILaunchScreen_Generation[sdk=iphonesimulator*]" = YES;
				"INFOPLIST_KEY_UIStatusBarStyle[sdk=iphoneos*]" = UIStatusBarStyleDefault;
				"INFOPLIST_KEY_UIStatusBarStyle[sdk=iphonesimulator*]" = UIStatusBarStyleDefault;
				INFOPLIST_KEY_UISupportedInterfaceOrientations_iPad = "UIInterfaceOrientationPortrait UIInterfaceOrientationPortraitUpsideDown UIInterfaceOrientationLandscapeLeft UIInterfaceOrientationLandscapeRight";
				INFOPLIST_KEY_UISupportedInterfaceOrientations_iPhone = "UIInterfaceOrientationPortrait UIInterfaceOrientationLandscapeLeft UIInterfaceOrientationLandscapeRight";
				IPHONEOS_DEPLOYMENT_TARGET = 18.2;
				LD_RUNPATH_SEARCH_PATHS = "@executable_path/Frameworks";
				"LD_RUNPATH_SEARCH_PATHS[sdk=macosx*]" = "@executable_path/../Frameworks";
				MACOSX_DEPLOYMENT_TARGET = 15.2;
				MARKETING_VERSION = 1.0;
				PRODUCT_BUNDLE_IDENTIFIER = com.bwcompany.Packit;
				PRODUCT_NAME = "$(TARGET_NAME)";
				SDKROOT = auto;
				SUPPORTED_PLATFORMS = "iphoneos iphonesimulator macosx xros xrsimulator";
				SWIFT_EMIT_LOC_STRINGS = YES;
				SWIFT_VERSION = 5.0;
				TARGETED_DEVICE_FAMILY = "1,2,7";
				XROS_DEPLOYMENT_TARGET = 2.2;
			};
			name = Debug;
		};
		29A1C5CC2DD83AE700467A03 /* Release */ = {
			isa = XCBuildConfiguration;
			buildSettings = {
				ASSETCATALOG_COMPILER_APPICON_NAME = AppIcon;
				ASSETCATALOG_COMPILER_GLOBAL_ACCENT_COLOR_NAME = AccentColor;
				CODE_SIGN_ENTITLEMENTS = Packit/Packit.entitlements;
				CODE_SIGN_STYLE = Automatic;
				CURRENT_PROJECT_VERSION = 1;
				DEVELOPMENT_ASSET_PATHS = "\"Packit/Preview Content\"";
				DEVELOPMENT_TEAM = F7GYZYWC6V;
				ENABLE_HARDENED_RUNTIME = YES;
				ENABLE_PREVIEWS = YES;
				GENERATE_INFOPLIST_FILE = YES;
				INFOPLIST_FILE = Packit/Info.plist;
				"INFOPLIST_KEY_UIApplicationSceneManifest_Generation[sdk=iphoneos*]" = YES;
				"INFOPLIST_KEY_UIApplicationSceneManifest_Generation[sdk=iphonesimulator*]" = YES;
				"INFOPLIST_KEY_UIApplicationSupportsIndirectInputEvents[sdk=iphoneos*]" = YES;
				"INFOPLIST_KEY_UIApplicationSupportsIndirectInputEvents[sdk=iphonesimulator*]" = YES;
				"INFOPLIST_KEY_UILaunchScreen_Generation[sdk=iphoneos*]" = YES;
				"INFOPLIST_KEY_UILaunchScreen_Generation[sdk=iphonesimulator*]" = YES;
				"INFOPLIST_KEY_UIStatusBarStyle[sdk=iphoneos*]" = UIStatusBarStyleDefault;
				"INFOPLIST_KEY_UIStatusBarStyle[sdk=iphonesimulator*]" = UIStatusBarStyleDefault;
				INFOPLIST_KEY_UISupportedInterfaceOrientations_iPad = "UIInterfaceOrientationPortrait UIInterfaceOrientationPortraitUpsideDown UIInterfaceOrientationLandscapeLeft UIInterfaceOrientationLandscapeRight";
				INFOPLIST_KEY_UISupportedInterfaceOrientations_iPhone = "UIInterfaceOrientationPortrait UIInterfaceOrientationLandscapeLeft UIInterfaceOrientationLandscapeRight";
				IPHONEOS_DEPLOYMENT_TARGET = 18.2;
				LD_RUNPATH_SEARCH_PATHS = "@executable_path/Frameworks";
				"LD_RUNPATH_SEARCH_PATHS[sdk=macosx*]" = "@executable_path/../Frameworks";
				MACOSX_DEPLOYMENT_TARGET = 15.2;
				MARKETING_VERSION = 1.0;
				PRODUCT_BUNDLE_IDENTIFIER = com.bwcompany.Packit;
				PRODUCT_NAME = "$(TARGET_NAME)";
				SDKROOT = auto;
				SUPPORTED_PLATFORMS = "iphoneos iphonesimulator macosx xros xrsimulator";
				SWIFT_EMIT_LOC_STRINGS = YES;
				SWIFT_VERSION = 5.0;
				TARGETED_DEVICE_FAMILY = "1,2,7";
				XROS_DEPLOYMENT_TARGET = 2.2;
			};
			name = Release;
		};
/* End XCBuildConfiguration section */

/* Begin XCConfigurationList section */
		29A1C5B62DD83AE600467A03 /* Build configuration list for PBXProject "Packit" */ = {
			isa = XCConfigurationList;
			buildConfigurations = (
				29A1C5C82DD83AE700467A03 /* Debug */,
				29A1C5C92DD83AE700467A03 /* Release */,
			);
			defaultConfigurationIsVisible = 0;
			defaultConfigurationName = Release;
		};
		29A1C5CA2DD83AE700467A03 /* Build configuration list for PBXNativeTarget "Packit" */ = {
			isa = XCConfigurationList;
			buildConfigurations = (
				29A1C5CB2DD83AE700467A03 /* Debug */,
				29A1C5CC2DD83AE700467A03 /* Release */,
			);
			defaultConfigurationIsVisible = 0;
			defaultConfigurationName = Release;
		};
/* End XCConfigurationList section */
	};
	rootObject = 29A1C5B32DD83AE500467A03 /* Project object */;
}
